// !$*UTF8*$!
{
	archiveVersion = 1;
	classes = {
	};
	objectVersion = 50;
	objects = {

/* Begin PBXBuildFile section */
		186DE29E209C42BD008B9D6C /* AppDelegate.swift in Sources */ = {isa = PBXBuildFile; fileRef = 186DE29D209C42BD008B9D6C /* AppDelegate.swift */; };
		186DE2A0209C42BD008B9D6C /* ViewController.swift in Sources */ = {isa = PBXBuildFile; fileRef = 186DE29F209C42BD008B9D6C /* ViewController.swift */; };
		186DE2A3209C42BD008B9D6C /* Main.storyboard in Resources */ = {isa = PBXBuildFile; fileRef = 186DE2A1209C42BD008B9D6C /* Main.storyboard */; };
		186DE2A5209C42BF008B9D6C /* Assets.xcassets in Resources */ = {isa = PBXBuildFile; fileRef = 186DE2A4209C42BF008B9D6C /* Assets.xcassets */; };
		186DE2A8209C42BF008B9D6C /* LaunchScreen.storyboard in Resources */ = {isa = PBXBuildFile; fileRef = 186DE2A6209C42BF008B9D6C /* LaunchScreen.storyboard */; };
/* End PBXBuildFile section */

/* Begin PBXFileReference section */
		186DE29A209C42BD008B9D6C /* EmptyTableViewKit.app */ = {isa = PBXFileReference; explicitFileType = wrapper.application; includeInIndex = 0; path = EmptyTableViewKit.app; sourceTree = BUILT_PRODUCTS_DIR; };
		186DE29D209C42BD008B9D6C /* AppDelegate.swift */ = {isa = PBXFileReference; lastKnownFileType = sourcecode.swift; path = AppDelegate.swift; sourceTree = "<group>"; };
		186DE29F209C42BD008B9D6C /* ViewController.swift */ = {isa = PBXFileReference; lastKnownFileType = sourcecode.swift; path = ViewController.swift; sourceTree = "<group>"; };
		186DE2A2209C42BD008B9D6C /* Base */ = {isa = PBXFileReference; lastKnownFileType = file.storyboard; name = Base; path = Base.lproj/Main.storyboard; sourceTree = "<group>"; };
		186DE2A4209C42BF008B9D6C /* Assets.xcassets */ = {isa = PBXFileReference; lastKnownFileType = folder.assetcatalog; path = Assets.xcassets; sourceTree = "<group>"; };
		186DE2A7209C42BF008B9D6C /* Base */ = {isa = PBXFileReference; lastKnownFileType = file.storyboard; name = Base; path = Base.lproj/LaunchScreen.storyboard; sourceTree = "<group>"; };
		186DE2A9209C42BF008B9D6C /* Info.plist */ = {isa = PBXFileReference; lastKnownFileType = text.plist.xml; path = Info.plist; sourceTree = "<group>"; };
/* End PBXFileReference section */

/* Begin PBXFrameworksBuildPhase section */
		186DE297209C42BD008B9D6C /* Frameworks */ = {
			isa = PBXFrameworksBuildPhase;
			buildActionMask = 2147483647;
			files = (
			);
			runOnlyForDeploymentPostprocessing = 0;
		};
/* End PBXFrameworksBuildPhase section */

/* Begin PBXGroup section */
		186DE291209C42BD008B9D6C = {
			isa = PBXGroup;
			children = (
				186DE29C209C42BD008B9D6C /* EmptyTableViewKit */,
				186DE29B209C42BD008B9D6C /* Products */,
			);
			sourceTree = "<group>";
		};
		186DE29B209C42BD008B9D6C /* Products */ = {
			isa = PBXGroup;
			children = (
				186DE29A209C42BD008B9D6C /* EmptyTableViewKit.app */,
			);
			name = Products;
			sourceTree = "<group>";
		};
		186DE29C209C42BD008B9D6C /* EmptyTableViewKit */ = {
			isa = PBXGroup;
			children = (
				186DE29D209C42BD008B9D6C /* AppDelegate.swift */,
				186DE29F209C42BD008B9D6C /* ViewController.swift */,
				186DE2A1209C42BD008B9D6C /* Main.storyboard */,
				186DE2A4209C42BF008B9D6C /* Assets.xcassets */,
				186DE2A6209C42BF008B9D6C /* LaunchScreen.storyboard */,
				186DE2A9209C42BF008B9D6C /* Info.plist */,
			);
			path = EmptyTableViewKit;
			sourceTree = "<group>";
		};
/* End PBXGroup section */

/* Begin PBXNativeTarget section */
		186DE299209C42BD008B9D6C /* EmptyTableViewKit */ = {
			isa = PBXNativeTarget;
			buildConfigurationList = 186DE2AC209C42BF008B9D6C /* Build configuration list for PBXNativeTarget "EmptyTableViewKit" */;
			buildPhases = (
				186DE296209C42BD008B9D6C /* Sources */,
				186DE297209C42BD008B9D6C /* Frameworks */,
				186DE298209C42BD008B9D6C /* Resources */,
			);
			buildRules = (
			);
			dependencies = (
			);
			name = EmptyTableViewKit;
			productName = EmptyTableViewKit;
			productReference = 186DE29A209C42BD008B9D6C /* EmptyTableViewKit.app */;
			productType = "com.apple.product-type.application";
		};
/* End PBXNativeTarget section */

/* Begin PBXProject section */
		186DE292209C42BD008B9D6C /* Project object */ = {
			isa = PBXProject;
			attributes = {
				LastSwiftUpdateCheck = 0930;
				LastUpgradeCheck = 0930;
				ORGANIZATIONNAME = Apple;
				TargetAttributes = {
					186DE299209C42BD008B9D6C = {
						CreatedOnToolsVersion = 9.3;
					};
				};
			};
			buildConfigurationList = 186DE295209C42BD008B9D6C /* Build configuration list for PBXProject "EmptyTableViewKit" */;
			compatibilityVersion = "Xcode 9.3";
			developmentRegion = en;
			hasScannedForEncodings = 0;
			knownRegions = (
				en,
				Base,
			);
			mainGroup = 186DE291209C42BD008B9D6C;
			productRefGroup = 186DE29B209C42BD008B9D6C /* Products */;
			projectDirPath = "";
			projectRoot = "";
			targets = (
				186DE299209C42BD008B9D6C /* EmptyTableViewKit */,
			);
		};
/* End PBXProject section */

/* Begin PBXResourcesBuildPhase section */
		186DE298209C42BD008B9D6C /* Resources */ = {
			isa = PBXResourcesBuildPhase;
			buildActionMask = 2147483647;
			files = (
				186DE2A8209C42BF008B9D6C /* LaunchScreen.storyboard in Resources */,
				186DE2A5209C42BF008B9D6C /* Assets.xcassets in Resources */,
				186DE2A3209C42BD008B9D6C /* Main.storyboard in Resources */,
			);
			runOnlyForDeploymentPostprocessing = 0;
		};
/* End PBXResourcesBuildPhase section */

/* Begin PBXSourcesBuildPhase section */
		186DE296209C42BD008B9D6C /* Sources */ = {
			isa = PBXSourcesBuildPhase;
			buildActionMask = 2147483647;
			files = (
				186DE2A0209C42BD008B9D6C /* ViewController.swift in Sources */,
				186DE29E209C42BD008B9D6C /* AppDelegate.swift in Sources */,
			);
			runOnlyForDeploymentPostprocessing = 0;
		};
/* End PBXSourcesBuildPhase section */

/* Begin PBXVariantGroup section */
		186DE2A1209C42BD008B9D6C /* Main.storyboard */ = {
			isa = PBXVariantGroup;
			children = (
				186DE2A2209C42BD008B9D6C /* Base */,
			);
			name = Main.storyboard;
			sourceTree = "<group>";
		};
		186DE2A6209C42BF008B9D6C /* LaunchScreen.storyboard */ = {
			isa = PBXVariantGroup;
			children = (
				186DE2A7209C42BF008B9D6C /* Base */,
			);
			name = LaunchScreen.storyboard;
			sourceTree = "<group>";
		};
/* End PBXVariantGroup section */

/* Begin XCBuildConfiguration section */
		186DE2AA209C42BF008B9D6C /* Debug */ = {
			isa = XCBuildConfiguration;
			buildSettings = {
				ALWAYS_SEARCH_USER_PATHS = NO;
				CLANG_ANALYZER_NONNULL = YES;
				CLANG_ANALYZER_NUMBER_OBJECT_CONVERSION = YES_AGGRESSIVE;
				CLANG_CXX_LANGUAGE_STANDARD = "gnu++14";
				CLANG_CXX_LIBRARY = "libc++";
				CLANG_ENABLE_MODULES = YES;
				CLANG_ENABLE_OBJC_ARC = YES;
				CLANG_ENABLE_OBJC_WEAK = YES;
				CLANG_WARN_BLOCK_CAPTURE_AUTORELEASING = YES;
				CLANG_WARN_BOOL_CONVERSION = YES;
				CLANG_WARN_COMMA = YES;
				CLANG_WARN_CONSTANT_CONVERSION = YES;
				CLANG_WARN_DEPRECATED_OBJC_IMPLEMENTATIONS = YES;
				CLANG_WARN_DIRECT_OBJC_ISA_USAGE = YES_ERROR;
				CLANG_WARN_DOCUMENTATION_COMMENTS = YES;
				CLANG_WARN_EMPTY_BODY = YES;
				CLANG_WARN_ENUM_CONVERSION = YES;
				CLANG_WARN_INFINITE_RECURSION = YES;
				CLANG_WARN_INT_CONVERSION = YES;
				CLANG_WARN_NON_LITERAL_NULL_CONVERSION = YES;
				CLANG_WARN_OBJC_IMPLICIT_RETAIN_SELF = YES;
				CLANG_WARN_OBJC_LITERAL_CONVERSION = YES;
				CLANG_WARN_OBJC_ROOT_CLASS = YES_ERROR;
				CLANG_WARN_RANGE_LOOP_ANALYSIS = YES;
				CLANG_WARN_STRICT_PROTOTYPES = YES;
				CLANG_WARN_SUSPICIOUS_MOVE = YES;
				CLANG_WARN_UNGUARDED_AVAILABILITY = YES_AGGRESSIVE;
				CLANG_WARN_UNREACHABLE_CODE = YES;
				CLANG_WARN__DUPLICATE_METHOD_MATCH = YES;
				CODE_SIGN_IDENTITY = "iPhone Developer";
				COPY_PHASE_STRIP = NO;
				DEBUG_INFORMATION_FORMAT = dwarf;
				ENABLE_STRICT_OBJC_MSGSEND = YES;
				ENABLE_TESTABILITY = YES;
				GCC_C_LANGUAGE_STANDARD = gnu11;
				GCC_DYNAMIC_NO_PIC = NO;
				GCC_NO_COMMON_BLOCKS = YES;
				GCC_OPTIMIZATION_LEVEL = 0;
				GCC_PREPROCESSOR_DEFINITIONS = (
					"DEBUG=1",
					"$(inherited)",
				);
				GCC_WARN_64_TO_32_BIT_CONVERSION = YES;
				GCC_WARN_ABOUT_RETURN_TYPE = YES_ERROR;
				GCC_WARN_UNDECLARED_SELECTOR = YES;
				GCC_WARN_UNINITIALIZED_AUTOS = YES_AGGRESSIVE;
				GCC_WARN_UNUSED_FUNCTION = YES;
				GCC_WARN_UNUSED_VARIABLE = YES;
				IPHONEOS_DEPLOYMENT_TARGET = 11.3;
				MTL_ENABLE_DEBUG_INFO = YES;
				ONLY_ACTIVE_ARCH = YES;
				SDKROOT = iphoneos;
				SWIFT_ACTIVE_COMPILATION_CONDITIONS = DEBUG;
				SWIFT_OPTIMIZATION_LEVEL = "-Onone";
			};
			name = Debug;
		};
		186DE2AB209C42BF008B9D6C /* Release */ = {
			isa = XCBuildConfiguration;
			buildSettings = {
				ALWAYS_SEARCH_USER_PATHS = NO;
				CLANG_ANALYZER_NONNULL = YES;
				CLANG_ANALYZER_NUMBER_OBJECT_CONVERSION = YES_AGGRESSIVE;
				CLANG_CXX_LANGUAGE_STANDARD = "gnu++14";
				CLANG_CXX_LIBRARY = "libc++";
				CLANG_ENABLE_MODULES = YES;
				CLANG_ENABLE_OBJC_ARC = YES;
				CLANG_ENABLE_OBJC_WEAK = YES;
				CLANG_WARN_BLOCK_CAPTURE_AUTORELEASING = YES;
				CLANG_WARN_BOOL_CONVERSION = YES;
				CLANG_WARN_COMMA = YES;
				CLANG_WARN_CONSTANT_CONVERSION = YES;
				CLANG_WARN_DEPRECATED_OBJC_IMPLEMENTATIONS = YES;
				CLANG_WARN_DIRECT_OBJC_ISA_USAGE = YES_ERROR;
				CLANG_WARN_DOCUMENTATION_COMMENTS = YES;
				CLANG_WARN_EMPTY_BODY = YES;
				CLANG_WARN_ENUM_CONVERSION = YES;
				CLANG_WARN_INFINITE_RECURSION = YES;
				CLANG_WARN_INT_CONVERSION = YES;
				CLANG_WARN_NON_LITERAL_NULL_CONVERSION = YES;
				CLANG_WARN_OBJC_IMPLICIT_RETAIN_SELF = YES;
				CLANG_WARN_OBJC_LITERAL_CONVERSION = YES;
				CLANG_WARN_OBJC_ROOT_CLASS = YES_ERROR;
				CLANG_WARN_RANGE_LOOP_ANALYSIS = YES;
				CLANG_WARN_STRICT_PROTOTYPES = YES;
				CLANG_WARN_SUSPICIOUS_MOVE = YES;
				CLANG_WARN_UNGUARDED_AVAILABILITY = YES_AGGRESSIVE;
				CLANG_WARN_UNREACHABLE_CODE = YES;
				CLANG_WARN__DUPLICATE_METHOD_MATCH = YES;
				CODE_SIGN_IDENTITY = "iPhone Developer";
				COPY_PHASE_STRIP = NO;
				DEBUG_INFORMATION_FORMAT = "dwarf-with-dsym";
				ENABLE_NS_ASSERTIONS = NO;
				ENABLE_STRICT_OBJC_MSGSEND = YES;
				GCC_C_LANGUAGE_STANDARD = gnu11;
				GCC_NO_COMMON_BLOCKS = YES;
				GCC_WARN_64_TO_32_BIT_CONVERSION = YES;
				GCC_WARN_ABOUT_RETURN_TYPE = YES_ERROR;
				GCC_WARN_UNDECLARED_SELECTOR = YES;
				GCC_WARN_UNINITIALIZED_AUTOS = YES_AGGRESSIVE;
				GCC_WARN_UNUSED_FUNCTION = YES;
				GCC_WARN_UNUSED_VARIABLE = YES;
				IPHONEOS_DEPLOYMENT_TARGET = 11.3;
				MTL_ENABLE_DEBUG_INFO = NO;
				SDKROOT = iphoneos;
				SWIFT_COMPILATION_MODE = wholemodule;
				SWIFT_OPTIMIZATION_LEVEL = "-O";
				VALIDATE_PRODUCT = YES;
			};
			name = Release;
		};
		186DE2AD209C42BF008B9D6C /* Debug */ = {
			isa = XCBuildConfiguration;
			buildSettings = {
				ASSETCATALOG_COMPILER_APPICON_NAME = AppIcon;
				CODE_SIGN_STYLE = Automatic;
				DEVELOPMENT_TEAM = PGDQVL5VT9;
				INFOPLIST_FILE = EmptyTableViewKit/Info.plist;
				LD_RUNPATH_SEARCH_PATHS = (
					"$(inherited)",
					"@executable_path/Frameworks",
				);
				PRODUCT_BUNDLE_IDENTIFIER = com.SwiftGOSKI.EmptyTableViewKit;
				PRODUCT_NAME = "$(TARGET_NAME)";
				SWIFT_VERSION = 4.0;
				TARGETED_DEVICE_FAMILY = "1,2";
			};
			name = Debug;
		};
		186DE2AE209C42BF008B9D6C /* Release */ = {
			isa = XCBuildConfiguration;
			buildSettings = {
				ASSETCATALOG_COMPILER_APPICON_NAME = AppIcon;
				CODE_SIGN_STYLE = Automatic;
				DEVELOPMENT_TEAM = PGDQVL5VT9;
				INFOPLIST_FILE = EmptyTableViewKit/Info.plist;
				LD_RUNPATH_SEARCH_PATHS = (
					"$(inherited)",
					"@executable_path/Frameworks",
				);
				PRODUCT_BUNDLE_IDENTIFIER = com.SwiftGOSKI.EmptyTableViewKit;
				PRODUCT_NAME = "$(TARGET_NAME)";
				SWIFT_VERSION = 4.0;
				TARGETED_DEVICE_FAMILY = "1,2";
			};
			name = Release;
		};
/* End XCBuildConfiguration section */

/* Begin XCConfigurationList section */
		186DE295209C42BD008B9D6C /* Build configuration list for PBXProject "EmptyTableViewKit" */ = {
			isa = XCConfigurationList;
			buildConfigurations = (
				186DE2AA209C42BF008B9D6C /* Debug */,
				186DE2AB209C42BF008B9D6C /* Release */,
			);
			defaultConfigurationIsVisible = 0;
			defaultConfigurationName = Release;
		};
		186DE2AC209C42BF008B9D6C /* Build configuration list for PBXNativeTarget "EmptyTableViewKit" */ = {
			isa = XCConfigurationList;
			buildConfigurations = (
				186DE2AD209C42BF008B9D6C /* Debug */,
				186DE2AE209C42BF008B9D6C /* Release */,
			);
			defaultConfigurationIsVisible = 0;
			defaultConfigurationName = Release;
		};
/* End XCConfigurationList section */
	};
	rootObject = 186DE292209C42BD008B9D6C /* Project object */;
}
